
Microsoft Visual Studio Solution File, Format Version 12.00
# Visual Studio Version 17
VisualStudioVersion = 17.4.33205.214
MinimumVisualStudioVersion = 10.0.40219.1
Project("{9A19103F-16F7-4668-BE54-9A1E7A4F7556}") = "com.moviebookingapp.usermicroservice", "com.moviebookingapp.usermicroservice\com.moviebookingapp.usermicroservice.csproj", "{1608D438-E0B7-4507-BA47-09EE7E681847}"
EndProject
Project("{9A19103F-16F7-4668-BE54-9A1E7A4F7556}") = "com.moviebookingapp.moviemicroservice", "com.moviebookingapp.moviemicroservice\com.moviebookingapp.moviemicroservice.csproj", "{F24B3132-E69D-407C-8DE6-9AA3629C7AA0}"
EndProject
Project("{9A19103F-16F7-4668-BE54-9A1E7A4F7556}") = "com.moviebookingapp.apigateway", "com.moviebookingapp.apigateway\com.moviebookingapp.apigateway.csproj", "{E6658E9B-A142-4C11-BA6A-0273BF050547}"
EndProject
Project("{9A19103F-16F7-4668-BE54-9A1E7A4F7556}") = "com.moviebookingapp.tests", "com.moviebookingapp.tests\com.moviebookingapp.tests.csproj", "{1A331685-DACB-4C0E-9F9A-CEFA0771280B}"
EndProject
Global
	GlobalSection(SolutionConfigurationPlatforms) = preSolution
		Debug|Any CPU = Debug|Any CPU
		Release|Any CPU = Release|Any CPU
	EndGlobalSection
	GlobalSection(ProjectConfigurationPlatforms) = postSolution
		{1608D438-E0B7-4507-BA47-09EE7E681847}.Debug|Any CPU.ActiveCfg = Debug|Any CPU
		{1608D438-E0B7-4507-BA47-09EE7E681847}.Debug|Any CPU.Build.0 = Debug|Any CPU
		{1608D438-E0B7-4507-BA47-09EE7E681847}.Release|Any CPU.ActiveCfg = Release|Any CPU
		{1608D438-E0B7-4507-BA47-09EE7E681847}.Release|Any CPU.Build.0 = Release|Any CPU
		{F24B3132-E69D-407C-8DE6-9AA3629C7AA0}.Debug|Any CPU.ActiveCfg = Debug|Any CPU
		{F24B3132-E69D-407C-8DE6-9AA3629C7AA0}.Debug|Any CPU.Build.0 = Debug|Any CPU
		{F24B3132-E69D-407C-8DE6-9AA3629C7AA0}.Release|Any CPU.ActiveCfg = Release|Any CPU
		{F24B3132-E69D-407C-8DE6-9AA3629C7AA0}.Release|Any CPU.Build.0 = Release|Any CPU
		{E6658E9B-A142-4C11-BA6A-0273BF050547}.Debug|Any CPU.ActiveCfg = Debug|Any CPU
		{E6658E9B-A142-4C11-BA6A-0273BF050547}.Debug|Any CPU.Build.0 = Debug|Any CPU
		{E6658E9B-A142-4C11-BA6A-0273BF050547}.Release|Any CPU.ActiveCfg = Release|Any CPU
		{E6658E9B-A142-4C11-BA6A-0273BF050547}.Release|Any CPU.Build.0 = Release|Any CPU
		{1A331685-DACB-4C0E-9F9A-CEFA0771280B}.Debug|Any CPU.ActiveCfg = Debug|Any CPU
		{1A331685-DACB-4C0E-9F9A-CEFA0771280B}.Debug|Any CPU.Build.0 = Debug|Any CPU
		{1A331685-DACB-4C0E-9F9A-CEFA0771280B}.Release|Any CPU.ActiveCfg = Release|Any CPU
		{1A331685-DACB-4C0E-9F9A-CEFA0771280B}.Release|Any CPU.Build.0 = Release|Any CPU
	EndGlobalSection
	GlobalSection(SolutionProperties) = preSolution
		HideSolutionNode = FALSE
	EndGlobalSection
	GlobalSection(ExtensibilityGlobals) = postSolution
		SolutionGuid = {7E7EC3D3-5672-4126-836A-CF46580EC821}
	EndGlobalSection
EndGlobal
